// !$*UTF8*$!
{
	archiveVersion = 1;
	classes = {
	};
	objectVersion = 46;
	objects = {

/* Begin PBXBuildFile section */
		2CD6C8881E1CFE3A00D395C6 /* AppDelegate.swift in Sources */ = {isa = PBXBuildFile; fileRef = 2CD6C8871E1CFE3A00D395C6 /* AppDelegate.swift */; };
		2CD6C88A1E1CFE3A00D395C6 /* ViewController.swift in Sources */ = {isa = PBXBuildFile; fileRef = 2CD6C8891E1CFE3A00D395C6 /* ViewController.swift */; };
		2CD6C88D1E1CFE3A00D395C6 /* Main.storyboard in Resources */ = {isa = PBXBuildFile; fileRef = 2CD6C88B1E1CFE3A00D395C6 /* Main.storyboard */; };
		2CD6C88F1E1CFE3A00D395C6 /* Assets.xcassets in Resources */ = {isa = PBXBuildFile; fileRef = 2CD6C88E1E1CFE3A00D395C6 /* Assets.xcassets */; };
		2CD6C8921E1CFE3A00D395C6 /* LaunchScreen.storyboard in Resources */ = {isa = PBXBuildFile; fileRef = 2CD6C8901E1CFE3A00D395C6 /* LaunchScreen.storyboard */; };
/* End PBXBuildFile section */

/* Begin PBXFileReference section */
		2CD6C8841E1CFE3A00D395C6 /* TwitterLoginSample.app */ = {isa = PBXFileReference; explicitFileType = wrapper.application; includeInIndex = 0; path = TwitterLoginSample.app; sourceTree = BUILT_PRODUCTS_DIR; };
		2CD6C8871E1CFE3A00D395C6 /* AppDelegate.swift */ = {isa = PBXFileReference; lastKnownFileType = sourcecode.swift; path = AppDelegate.swift; sourceTree = "<group>"; };
		2CD6C8891E1CFE3A00D395C6 /* ViewController.swift */ = {isa = PBXFileReference; lastKnownFileType = sourcecode.swift; path = ViewController.swift; sourceTree = "<group>"; };
		2CD6C88C1E1CFE3A00D395C6 /* Base */ = {isa = PBXFileReference; lastKnownFileType = file.storyboard; name = Base; path = Base.lproj/Main.storyboard; sourceTree = "<group>"; };
		2CD6C88E1E1CFE3A00D395C6 /* Assets.xcassets */ = {isa = PBXFileReference; lastKnownFileType = folder.assetcatalog; path = Assets.xcassets; sourceTree = "<group>"; };
		2CD6C8911E1CFE3A00D395C6 /* Base */ = {isa = PBXFileReference; lastKnownFileType = file.storyboard; name = Base; path = Base.lproj/LaunchScreen.storyboard; sourceTree = "<group>"; };
		2CD6C8931E1CFE3B00D395C6 /* Info.plist */ = {isa = PBXFileReference; lastKnownFileType = text.plist.xml; path = Info.plist; sourceTree = "<group>"; };
/* End PBXFileReference section */

/* Begin PBXFrameworksBuildPhase section */
		2CD6C8811E1CFE3A00D395C6 /* Frameworks */ = {
			isa = PBXFrameworksBuildPhase;
			buildActionMask = 2147483647;
			files = (
			);
			runOnlyForDeploymentPostprocessing = 0;
		};
/* End PBXFrameworksBuildPhase section */

/* Begin PBXGroup section */
		2CD6C87B1E1CFE3A00D395C6 = {
			isa = PBXGroup;
			children = (
				2CD6C8861E1CFE3A00D395C6 /* TwitterLoginSample */,
				2CD6C8851E1CFE3A00D395C6 /* Products */,
			);
			sourceTree = "<group>";
		};
		2CD6C8851E1CFE3A00D395C6 /* Products */ = {
			isa = PBXGroup;
			children = (
				2CD6C8841E1CFE3A00D395C6 /* TwitterLoginSample.app */,
			);
			name = Products;
			sourceTree = "<group>";
		};
		2CD6C8861E1CFE3A00D395C6 /* TwitterLoginSample */ = {
			isa = PBXGroup;
			children = (
				2CD6C8871E1CFE3A00D395C6 /* AppDelegate.swift */,
				2CD6C8891E1CFE3A00D395C6 /* ViewController.swift */,
				2CD6C88B1E1CFE3A00D395C6 /* Main.storyboard */,
				2CD6C88E1E1CFE3A00D395C6 /* Assets.xcassets */,
				2CD6C8901E1CFE3A00D395C6 /* LaunchScreen.storyboard */,
				2CD6C8931E1CFE3B00D395C6 /* Info.plist */,
			);
			path = TwitterLoginSample;
			sourceTree = "<group>";
		};
/* End PBXGroup section */

/* Begin PBXNativeTarget section */
		2CD6C8831E1CFE3A00D395C6 /* TwitterLoginSample */ = {
			isa = PBXNativeTarget;
			buildConfigurationList = 2CD6C8961E1CFE3B00D395C6 /* Build configuration list for PBXNativeTarget "TwitterLoginSample" */;
			buildPhases = (
				2CD6C8801E1CFE3A00D395C6 /* Sources */,
				2CD6C8811E1CFE3A00D395C6 /* Frameworks */,
				2CD6C8821E1CFE3A00D395C6 /* Resources */,
			);
			buildRules = (
			);
			dependencies = (
			);
			name = TwitterLoginSample;
			productName = TwitterLoginSample;
			productReference = 2CD6C8841E1CFE3A00D395C6 /* TwitterLoginSample.app */;
			productType = "com.apple.product-type.application";
		};
/* End PBXNativeTarget section */

/* Begin PBXProject section */
		2CD6C87C1E1CFE3A00D395C6 /* Project object */ = {
			isa = PBXProject;
			attributes = {
				LastSwiftUpdateCheck = 0820;
				LastUpgradeCheck = 0820;
				ORGANIZATIONNAME = otukutun;
				TargetAttributes = {
					2CD6C8831E1CFE3A00D395C6 = {
						CreatedOnToolsVersion = 8.2;
						DevelopmentTeam = BMYK56U646;
						ProvisioningStyle = Automatic;
					};
				};
			};
			buildConfigurationList = 2CD6C87F1E1CFE3A00D395C6 /* Build configuration list for PBXProject "TwitterLoginSample" */;
			compatibilityVersion = "Xcode 3.2";
			developmentRegion = English;
			hasScannedForEncodings = 0;
			knownRegions = (
				en,
				Base,
			);
			mainGroup = 2CD6C87B1E1CFE3A00D395C6;
			productRefGroup = 2CD6C8851E1CFE3A00D395C6 /* Products */;
			projectDirPath = "";
			projectRoot = "";
			targets = (
				2CD6C8831E1CFE3A00D395C6 /* TwitterLoginSample */,
			);
		};
/* End PBXProject section */

/* Begin PBXResourcesBuildPhase section */
		2CD6C8821E1CFE3A00D395C6 /* Resources */ = {
			isa = PBXResourcesBuildPhase;
			buildActionMask = 2147483647;
			files = (
				2CD6C8921E1CFE3A00D395C6 /* LaunchScreen.storyboard in Resources */,
				2CD6C88F1E1CFE3A00D395C6 /* Assets.xcassets in Resources */,
				2CD6C88D1E1CFE3A00D395C6 /* Main.storyboard in Resources */,
			);
			runOnlyForDeploymentPostprocessing = 0;
		};
/* End PBXResourcesBuildPhase section */

/* Begin PBXSourcesBuildPhase section */
		2CD6C8801E1CFE3A00D395C6 /* Sources */ = {
			isa = PBXSourcesBuildPhase;
			buildActionMask = 2147483647;
			files = (
				2CD6C88A1E1CFE3A00D395C6 /* ViewController.swift in Sources */,
				2CD6C8881E1CFE3A00D395C6 /* AppDelegate.swift in Sources */,
			);
			runOnlyForDeploymentPostprocessing = 0;
		};
/* End PBXSourcesBuildPhase section */

/* Begin PBXVariantGroup section */
		2CD6C88B1E1CFE3A00D395C6 /* Main.storyboard */ = {
			isa = PBXVariantGroup;
			children = (
				2CD6C88C1E1CFE3A00D395C6 /* Base */,
			);
			name = Main.storyboard;
			sourceTree = "<group>";
		};
		2CD6C8901E1CFE3A00D395C6 /* LaunchScreen.storyboard */ = {
			isa = PBXVariantGroup;
			children = (
				2CD6C8911E1CFE3A00D395C6 /* Base */,
			);
			name = LaunchScreen.storyboard;
			sourceTree = "<group>";
		};
/* End PBXVariantGroup section */

/* Begin XCBuildConfiguration section */
		2CD6C8941E1CFE3B00D395C6 /* Debug */ = {
			isa = XCBuildConfiguration;
			buildSettings = {
				ALWAYS_SEARCH_USER_PATHS = NO;
				CLANG_ANALYZER_NONNULL = YES;
				CLANG_CXX_LANGUAGE_STANDARD = "gnu++0x";
				CLANG_CXX_LIBRARY = "libc++";
				CLANG_ENABLE_MODULES = YES;
				CLANG_ENABLE_OBJC_ARC = YES;
				CLANG_WARN_BOOL_CONVERSION = YES;
				CLANG_WARN_CONSTANT_CONVERSION = YES;
				CLANG_WARN_DIRECT_OBJC_ISA_USAGE = YES_ERROR;
				CLANG_WARN_DOCUMENTATION_COMMENTS = YES;
				CLANG_WARN_EMPTY_BODY = YES;
				CLANG_WARN_ENUM_CONVERSION = YES;
				CLANG_WARN_INFINITE_RECURSION = YES;
				CLANG_WARN_INT_CONVERSION = YES;
				CLANG_WARN_OBJC_ROOT_CLASS = YES_ERROR;
				CLANG_WARN_SUSPICIOUS_MOVE = YES;
				CLANG_WARN_UNREACHABLE_CODE = YES;
				CLANG_WARN__DUPLICATE_METHOD_MATCH = YES;
				"CODE_SIGN_IDENTITY[sdk=iphoneos*]" = "iPhone Developer";
				COPY_PHASE_STRIP = NO;
				DEBUG_INFORMATION_FORMAT = dwarf;
				ENABLE_STRICT_OBJC_MSGSEND = YES;
				ENABLE_TESTABILITY = YES;
				GCC_C_LANGUAGE_STANDARD = gnu99;
				GCC_DYNAMIC_NO_PIC = NO;
				GCC_NO_COMMON_BLOCKS = YES;
				GCC_OPTIMIZATION_LEVEL = 0;
				GCC_PREPROCESSOR_DEFINITIONS = (
					"DEBUG=1",
					"$(inherited)",
				);
				GCC_WARN_64_TO_32_BIT_CONVERSION = YES;
				GCC_WARN_ABOUT_RETURN_TYPE = YES_ERROR;
				GCC_WARN_UNDECLARED_SELECTOR = YES;
				GCC_WARN_UNINITIALIZED_AUTOS = YES_AGGRESSIVE;
				GCC_WARN_UNUSED_FUNCTION = YES;
				GCC_WARN_UNUSED_VARIABLE = YES;
				IPHONEOS_DEPLOYMENT_TARGET = 10.2;
				MTL_ENABLE_DEBUG_INFO = YES;
				ONLY_ACTIVE_ARCH = YES;
				SDKROOT = iphoneos;
				SWIFT_ACTIVE_COMPILATION_CONDITIONS = DEBUG;
				SWIFT_OPTIMIZATION_LEVEL = "-Onone";
			};
			name = Debug;
		};
		2CD6C8951E1CFE3B00D395C6 /* Release */ = {
			isa = XCBuildConfiguration;
			buildSettings = {
				ALWAYS_SEARCH_USER_PATHS = NO;
				CLANG_ANALYZER_NONNULL = YES;
				CLANG_CXX_LANGUAGE_STANDARD = "gnu++0x";
				CLANG_CXX_LIBRARY = "libc++";
				CLANG_ENABLE_MODULES = YES;
				CLANG_ENABLE_OBJC_ARC = YES;
				CLANG_WARN_BOOL_CONVERSION = YES;
				CLANG_WARN_CONSTANT_CONVERSION = YES;
				CLANG_WARN_DIRECT_OBJC_ISA_USAGE = YES_ERROR;
				CLANG_WARN_DOCUMENTATION_COMMENTS = YES;
				CLANG_WARN_EMPTY_BODY = YES;
				CLANG_WARN_ENUM_CONVERSION = YES;
				CLANG_WARN_INFINITE_RECURSION = YES;
				CLANG_WARN_INT_CONVERSION = YES;
				CLANG_WARN_OBJC_ROOT_CLASS = YES_ERROR;
				CLANG_WARN_SUSPICIOUS_MOVE = YES;
				CLANG_WARN_UNREACHABLE_CODE = YES;
				CLANG_WARN__DUPLICATE_METHOD_MATCH = YES;
				"CODE_SIGN_IDENTITY[sdk=iphoneos*]" = "iPhone Developer";
				COPY_PHASE_STRIP = NO;
				DEBUG_INFORMATION_FORMAT = "dwarf-with-dsym";
				ENABLE_NS_ASSERTIONS = NO;
				ENABLE_STRICT_OBJC_MSGSEND = YES;
				GCC_C_LANGUAGE_STANDARD = gnu99;
				GCC_NO_COMMON_BLOCKS = YES;
				GCC_WARN_64_TO_32_BIT_CONVERSION = YES;
				GCC_WARN_ABOUT_RETURN_TYPE = YES_ERROR;
				GCC_WARN_UNDECLARED_SELECTOR = YES;
				GCC_WARN_UNINITIALIZED_AUTOS = YES_AGGRESSIVE;
				GCC_WARN_UNUSED_FUNCTION = YES;
				GCC_WARN_UNUSED_VARIABLE = YES;
				IPHONEOS_DEPLOYMENT_TARGET = 10.2;
				MTL_ENABLE_DEBUG_INFO = NO;
				SDKROOT = iphoneos;
				SWIFT_OPTIMIZATION_LEVEL = "-Owholemodule";
				VALIDATE_PRODUCT = YES;
			};
			name = Release;
		};
		2CD6C8971E1CFE3B00D395C6 /* Debug */ = {
			isa = XCBuildConfiguration;
			buildSettings = {
				ASSETCATALOG_COMPILER_APPICON_NAME = AppIcon;
				DEVELOPMENT_TEAM = BMYK56U646;
				INFOPLIST_FILE = TwitterLoginSample/Info.plist;
				LD_RUNPATH_SEARCH_PATHS = "$(inherited) @executable_path/Frameworks";
				PRODUCT_BUNDLE_IDENTIFIER = jp.techacademy.otukutun.TwitterLoginSample;
				PRODUCT_NAME = "$(TARGET_NAME)";
				SWIFT_VERSION = 3.0;
			};
			name = Debug;
		};
		2CD6C8981E1CFE3B00D395C6 /* Release */ = {
			isa = XCBuildConfiguration;
			buildSettings = {
				ASSETCATALOG_COMPILER_APPICON_NAME = AppIcon;
				DEVELOPMENT_TEAM = BMYK56U646;
				INFOPLIST_FILE = TwitterLoginSample/Info.plist;
				LD_RUNPATH_SEARCH_PATHS = "$(inherited) @executable_path/Frameworks";
				PRODUCT_BUNDLE_IDENTIFIER = jp.techacademy.otukutun.TwitterLoginSample;
				PRODUCT_NAME = "$(TARGET_NAME)";
				SWIFT_VERSION = 3.0;
			};
			name = Release;
		};
/* End XCBuildConfiguration section */

/* Begin XCConfigurationList section */
		2CD6C87F1E1CFE3A00D395C6 /* Build configuration list for PBXProject "TwitterLoginSample" */ = {
			isa = XCConfigurationList;
			buildConfigurations = (
				2CD6C8941E1CFE3B00D395C6 /* Debug */,
				2CD6C8951E1CFE3B00D395C6 /* Release */,
			);
			defaultConfigurationIsVisible = 0;
			defaultConfigurationName = Release;
		};
		2CD6C8961E1CFE3B00D395C6 /* Build configuration list for PBXNativeTarget "TwitterLoginSample" */ = {
			isa = XCConfigurationList;
			buildConfigurations = (
				2CD6C8971E1CFE3B00D395C6 /* Debug */,
				2CD6C8981E1CFE3B00D395C6 /* Release */,
			);
			defaultConfigurationIsVisible = 0;
		};
/* End XCConfigurationList section */
	};
	rootObject = 2CD6C87C1E1CFE3A00D395C6 /* Project object */;
}
